lockVersion: 2.0.0
id: cb7614b1-9345-4b00-ba72-da7c3f477fbe
management:
  docChecksum: 03e3387365ae18c7ce07d32543a62956
  docVersion: 1.0.0
  speakeasyVersion: 1.583.0
  generationVersion: 2.658.3
  releaseVersion: 0.0.1
  configChecksum: 8c523d457067cad8f70746d2beeff1eb
features:
  mcp-typescript:
    additionalDependencies: 0.1.0
    constsAndDefaults: 0.1.0
    core: 0.2.1
    defaultEnabledRetries: 0.1.0
    enumUnions: 0.1.0
    globalSecurity: 0.1.0
    globalSecurityCallbacks: 0.0.0
    globalServerURLs: 0.1.0
    responseFormat: 0.1.0
    retries: 0.1.0
    sdkHooks: 0.1.0
generatedFiles:
  - .gitattributes
  - .npmignore
  - eslint.config.mjs
  - package.json
  - src/core.ts
  - src/funcs/petAddPet.ts
  - src/funcs/petDeletePet.ts
  - src/funcs/petFindPetsByStatus.ts
  - src/funcs/petFindPetsByTags.ts
  - src/funcs/petGetPetById.ts
  - src/funcs/petUpdatePet.ts
  - src/funcs/petUploadFile.ts
  - src/funcs/storeDeleteOrder.ts
  - src/funcs/storeGetInventory.ts
  - src/funcs/storeGetOrderById.ts
  - src/funcs/storePlaceOrder.ts
  - src/funcs/userCreateUser.ts
  - src/funcs/userCreateUsersWithListInput.ts
  - src/funcs/userDeleteUser.ts
  - src/funcs/userGetUserByName.ts
  - src/funcs/userLoginUser.ts
  - src/funcs/userLogoutUser.ts
  - src/funcs/userUpdateUser.ts
  - src/hooks/hooks.ts
  - src/hooks/types.ts
  - src/lib/base64.ts
  - src/lib/config.ts
  - src/lib/dlv.ts
  - src/lib/encodings.ts
  - src/lib/env.ts
  - src/lib/files.ts
  - src/lib/http.ts
  - src/lib/is-plain-object.ts
  - src/lib/logger.ts
  - src/lib/matchers.ts
  - src/lib/primitives.ts
  - src/lib/result.ts
  - src/lib/retries.ts
  - src/lib/schemas.ts
  - src/lib/sdks.ts
  - src/lib/security.ts
  - src/lib/url.ts
  - src/mcp-server/build.mts
  - src/mcp-server/cli.ts
  - src/mcp-server/cli/start/command.ts
  - src/mcp-server/cli/start/impl.ts
  - src/mcp-server/console-logger.ts
  - src/mcp-server/extensions.ts
  - src/mcp-server/mcp-server.ts
  - src/mcp-server/prompts.ts
  - src/mcp-server/resources.ts
  - src/mcp-server/scopes.ts
  - src/mcp-server/server.ts
  - src/mcp-server/shared.ts
  - src/mcp-server/tools.ts
  - src/mcp-server/tools/petAddPet.ts
  - src/mcp-server/tools/petDeletePet.ts
  - src/mcp-server/tools/petFindPetsByStatus.ts
  - src/mcp-server/tools/petFindPetsByTags.ts
  - src/mcp-server/tools/petGetPetById.ts
  - src/mcp-server/tools/petUpdatePet.ts
  - src/mcp-server/tools/petUploadFile.ts
  - src/mcp-server/tools/storeDeleteOrder.ts
  - src/mcp-server/tools/storeGetInventory.ts
  - src/mcp-server/tools/storeGetOrderById.ts
  - src/mcp-server/tools/storePlaceOrder.ts
  - src/mcp-server/tools/userCreateUser.ts
  - src/mcp-server/tools/userCreateUsersWithListInput.ts
  - src/mcp-server/tools/userDeleteUser.ts
  - src/mcp-server/tools/userGetUserByName.ts
  - src/mcp-server/tools/userLoginUser.ts
  - src/mcp-server/tools/userLogoutUser.ts
  - src/mcp-server/tools/userUpdateUser.ts
  - src/models/addpetop.ts
  - src/models/apierrorinvalidinput.ts
  - src/models/apierrornotfound.ts
  - src/models/apierrorunauthorized.ts
  - src/models/apiresponse.ts
  - src/models/category.ts
  - src/models/createuserop.ts
  - src/models/createuserswithlistinputop.ts
  - src/models/deleteorderop.ts
  - src/models/deletepetop.ts
  - src/models/deleteuserop.ts
  - src/models/errors/apierror.ts
  - src/models/errors/httpclienterrors.ts
  - src/models/errors/sdkvalidationerror.ts
  - src/models/findpetsbystatusop.ts
  - src/models/findpetsbytagsop.ts
  - src/models/getinventoryop.ts
  - src/models/getorderbyidop.ts
  - src/models/getpetbyidop.ts
  - src/models/getuserbynameop.ts
  - src/models/loginuserop.ts
  - src/models/logoutuserop.ts
  - src/models/order.ts
  - src/models/pet.ts
  - src/models/placeorderop.ts
  - src/models/security.ts
  - src/models/tag.ts
  - src/models/updatepetop.ts
  - src/models/updateuserop.ts
  - src/models/uploadfileop.ts
  - src/models/user.ts
  - src/types/async.ts
  - src/types/blobs.ts
  - src/types/enums.ts
  - src/types/fp.ts
  - src/types/rfcdate.ts
  - src/types/streams.ts
  - tsconfig.json
examplesVersion: 1.0.2
