speakeasyVersion: 1.583.0
sources:
    petstore-oas:
        sourceNamespace: petstore-oas
        sourceRevisionDigest: sha256:0d17a4f4e032fe17e3323d4fb3d12035cf61f4796a8137683bed66423593567e
        sourceBlobDigest: sha256:de2acefc03c0f02e7d091c58eb0ba357e4c0e9fae858eb2d28ffc0f1580d0a3d
        tags:
            - latest
            - 1.0.0
targets:
    petstore:
        source: petstore-oas
        sourceNamespace: petstore-oas
        sourceRevisionDigest: sha256:0d17a4f4e032fe17e3323d4fb3d12035cf61f4796a8137683bed66423593567e
        sourceBlobDigest: sha256:de2acefc03c0f02e7d091c58eb0ba357e4c0e9fae858eb2d28ffc0f1580d0a3d
workflow:
    workflowVersion: 1.0.0
    speakeasyVersion: latest
    sources:
        petstore-oas:
            inputs:
                - location: openapi.yaml
            output: .speakeasy/out.openapi.yaml
            registry:
                location: registry.speakeasyapi.dev/deathstar/deathstar/petstore-oas
    targets:
        petstore:
            target: mcp-typescript
            source: petstore-oas
